{
  "name": "ncs",
  "lockfileVersion": 3,
  "requires": true,
  "packages": {
    "": {
      "name": "ncs",
      "devDependencies": {
        "lefthook": "2.0.1",
        "npm-check-updates": "19.1.1"
      }
    },
    "backend/api": {
      "name": "ncs-api",
      "extraneous": true,
      "dependencies": {
        "@hono/node-server": "1.19.5",
        "hono": "4.10.3"
      },
      "devDependencies": {
        "@eslint/js": "9.38.0",
        "@prisma/client": "6.18.0",
        "@tsconfig/node-lts": "22.0.2",
        "@tsconfig/node-ts": "23.6.1",
        "@tsconfig/recommended": "1.0.10",
        "@types/node": "24.9.1",
        "eslint": "9.38.0",
        "eslint-config-prettier": "10.1.8",
        "prettier": "3.6.2",
        "prettier-plugin-organize-imports": "4.3.0",
        "prisma": "6.18.0",
        "superjson": "2.2.3",
        "tsx": "4.20.6",
        "typescript": "5.9.3",
        "typescript-eslint": "8.46.2"
      }
    },
    "backend/batch": {
      "name": "ncs-batch",
      "extraneous": true,
      "dependencies": {
        "node-cron": "4.2.1"
      },
      "devDependencies": {
        "@eslint/js": "9.38.0",
        "@prisma/client": "6.18.0",
        "@tsconfig/node-lts": "22.0.2",
        "@tsconfig/node-ts": "23.6.1",
        "@tsconfig/recommended": "1.0.10",
        "@types/luxon": "3.7.1",
        "@types/node": "24.9.1",
        "@vitest/coverage-v8": "4.0.3",
        "eslint": "9.38.0",
        "eslint-config-prettier": "10.1.8",
        "luxon": "3.7.2",
        "prettier": "3.6.2",
        "prettier-plugin-organize-imports": "4.3.0",
        "prisma": "6.18.0",
        "rss-parser": "3.13.0",
        "tsx": "4.20.6",
        "typescript": "5.9.3",
        "typescript-eslint": "8.46.2",
        "vitest": "4.0.3"
      }
    },
    "backend/db": {
      "name": "ncs-db",
      "extraneous": true,
      "dependencies": {
        "@prisma/client": "6.18.0",
        "prisma": "6.18.0"
      },
      "devDependencies": {
        "@eslint/js": "9.38.0",
        "@tsconfig/node-lts": "22.0.2",
        "@tsconfig/node-ts": "23.6.1",
        "@tsconfig/recommended": "1.0.10",
        "@types/node": "24.9.1",
        "eslint": "9.38.0",
        "eslint-config-prettier": "10.1.8",
        "prettier": "3.6.2",
        "prettier-plugin-organize-imports": "4.3.0",
        "tsx": "4.20.6",
        "typescript": "5.9.3",
        "typescript-eslint": "8.46.2"
      }
    },
    "common": {
      "name": "ncs-common",
      "extraneous": true
    },
    "frontend/web": {
      "name": "ncs-web",
      "extraneous": true,
      "hasInstallScript": true,
      "dependencies": {
        "nuxt": "4.2.0",
        "vue": "3.5.22",
        "vue-router": "4.6.3"
      },
      "devDependencies": {
        "@compodium/nuxt": "0.1.0-beta.12",
        "@nuxt/eslint": "1.9.0",
        "@nuxt/image": "1.11.0",
        "@nuxt/kit": "4.2.0",
        "@nuxt/ui": "4.1.0",
        "@prisma/client": "6.18.0",
        "@tsconfig/recommended": "1.0.10",
        "@types/luxon": "3.7.1",
        "@vueuse/core": "14.0.0",
        "@vueuse/nuxt": "14.0.0",
        "eslint": "9.38.0",
        "eslint-config-prettier": "10.1.8",
        "luxon": "3.7.2",
        "prettier": "3.6.2",
        "prettier-plugin-organize-imports": "4.3.0",
        "prettier-plugin-tailwindcss": "0.7.1",
        "prisma": "6.18.0",
        "superjson": "2.2.3",
        "typescript": "5.9.3",
        "vue-tsc": "3.1.2",
        "zod": "4.1.12"
      }
    },
    "node_modules/lefthook": {
      "version": "2.0.1",
      "resolved": "https://registry.npmjs.org/lefthook/-/lefthook-2.0.1.tgz",
      "integrity": "sha512-3jL1AmEnjchHyFL9GzBaRVcfcPTQLUtXawaF6Y6MXPPCSbirTh8q/is+Ijbd1zn0FA5MwQDdSYm0guVXUkeVWg==",
      "dev": true,
      "hasInstallScript": true,
      "license": "MIT",
      "bin": {
        "lefthook": "bin/index.js"
      },
      "optionalDependencies": {
        "lefthook-darwin-arm64": "2.0.1",
        "lefthook-darwin-x64": "2.0.1",
        "lefthook-freebsd-arm64": "2.0.1",
        "lefthook-freebsd-x64": "2.0.1",
        "lefthook-linux-arm64": "2.0.1",
        "lefthook-linux-x64": "2.0.1",
        "lefthook-openbsd-arm64": "2.0.1",
        "lefthook-openbsd-x64": "2.0.1",
        "lefthook-windows-arm64": "2.0.1",
        "lefthook-windows-x64": "2.0.1"
      }
    },
    "node_modules/lefthook-darwin-arm64": {
      "version": "2.0.1",
      "resolved": "https://registry.npmjs.org/lefthook-darwin-arm64/-/lefthook-darwin-arm64-2.0.1.tgz",
      "integrity": "sha512-en5tDduXeltmlbBR/wECkwkILpghR9LxexeBuHWwyTZnOunm3bk4XGg9WKwT1sWlMaKJiXl7Tv0dUB/K1d3ajg==",
      "cpu": [
        "arm64"
      ],
      "dev": true,
      "license": "MIT",
      "optional": true,
      "os": [
        "darwin"
      ]
    },
    "node_modules/lefthook-darwin-x64": {
      "version": "2.0.1",
      "resolved": "https://registry.npmjs.org/lefthook-darwin-x64/-/lefthook-darwin-x64-2.0.1.tgz",
      "integrity": "sha512-upD7B5kK3/sAqUKWfcejvWwXmBfu4LK+0bwUZWHE0cuPsn9KEZ8zG0Vw7JSBhuSZ8LeZA8PudlmQXHvR3YjDew==",
      "cpu": [
        "x64"
      ],
      "dev": true,
      "license": "MIT",
      "optional": true,
      "os": [
        "darwin"
      ]
    },
    "node_modules/lefthook-freebsd-arm64": {
      "version": "2.0.1",
      "resolved": "https://registry.npmjs.org/lefthook-freebsd-arm64/-/lefthook-freebsd-arm64-2.0.1.tgz",
      "integrity": "sha512-DqraAmqgSOllSzRjhjjaToswhpz0WWfnTo7HPws5BYOLghQJ/qErwXOXs2I76YqbHgXr831wtgkamQOVOfR0Jg==",
      "cpu": [
        "arm64"
      ],
      "dev": true,
      "license": "MIT",
      "optional": true,
      "os": [
        "freebsd"
      ]
    },
    "node_modules/lefthook-freebsd-x64": {
      "version": "2.0.1",
      "resolved": "https://registry.npmjs.org/lefthook-freebsd-x64/-/lefthook-freebsd-x64-2.0.1.tgz",
      "integrity": "sha512-kdLmXvgWvSkFLBSIZGevkPEqoOwQIaHAtcXpbfn0unbsgqLG+u4V7Bnp73BfBUkc0ER+72W9gUas9HZALzTjEg==",
      "cpu": [
        "x64"
      ],
      "dev": true,
      "license": "MIT",
      "optional": true,
      "os": [
        "freebsd"
      ]
    },
    "node_modules/lefthook-linux-arm64": {
      "version": "2.0.1",
      "resolved": "https://registry.npmjs.org/lefthook-linux-arm64/-/lefthook-linux-arm64-2.0.1.tgz",
      "integrity": "sha512-pEQomhTh0SSeIv3G5337efm1BHQCBSrewYnUydkLFLMwkqzVzIW2119pk5bMNSKFQ2xoRs3AKww+odTgsQiLcQ==",
      "cpu": [
        "arm64"
      ],
      "dev": true,
      "license": "MIT",
      "optional": true,
      "os": [
        "linux"
      ]
    },
    "node_modules/lefthook-linux-x64": {
      "version": "2.0.1",
      "resolved": "https://registry.npmjs.org/lefthook-linux-x64/-/lefthook-linux-x64-2.0.1.tgz",
      "integrity": "sha512-8tOmdiUU/awCoW/PJ25QmhHuHXUbDQ9BF3tADYuxgGSSCLtvx1Zvr+F4pyB8jCOAPvsx9XAt3UM3n8/nFXKYcw==",
      "cpu": [
        "x64"
      ],
      "dev": true,
      "license": "MIT",
      "optional": true,
      "os": [
        "linux"
      ]
    },
    "node_modules/lefthook-openbsd-arm64": {
      "version": "2.0.1",
      "resolved": "https://registry.npmjs.org/lefthook-openbsd-arm64/-/lefthook-openbsd-arm64-2.0.1.tgz",
      "integrity": "sha512-SBOMOjkyM7bQTvzTlnNS5PzfhJigZJYdmdcJ/H4EadJfxl+72v0YG9SHY64AdfuvZUB39AvaBD6UothZCtLuEQ==",
      "cpu": [
        "arm64"
      ],
      "dev": true,
      "license": "MIT",
      "optional": true,
      "os": [
        "openbsd"
      ]
    },
    "node_modules/lefthook-openbsd-x64": {
      "version": "2.0.1",
      "resolved": "https://registry.npmjs.org/lefthook-openbsd-x64/-/lefthook-openbsd-x64-2.0.1.tgz",
      "integrity": "sha512-22E1V889hx1rMOxgGFUc0ujiOAcM7kX0x7bCK6rfXFsqYl30X7A+4hj2JTwxRxSTb7ZkaiSFF64UE7iGi/f4AA==",
      "cpu": [
        "x64"
      ],
      "dev": true,
      "license": "MIT",
      "optional": true,
      "os": [
        "openbsd"
      ]
    },
    "node_modules/lefthook-windows-arm64": {
      "version": "2.0.1",
      "resolved": "https://registry.npmjs.org/lefthook-windows-arm64/-/lefthook-windows-arm64-2.0.1.tgz",
      "integrity": "sha512-0dDrCj0AatmJj5voABZ/7H27eZiaa1CVtTFYfKDRJj2+acEo3F7x/iadknftMqfjOjgjZpmRwSx49NWA2vMQjg==",
      "cpu": [
        "arm64"
      ],
      "dev": true,
      "license": "MIT",
      "optional": true,
      "os": [
        "win32"
      ]
    },
    "node_modules/lefthook-windows-x64": {
      "version": "2.0.1",
      "resolved": "https://registry.npmjs.org/lefthook-windows-x64/-/lefthook-windows-x64-2.0.1.tgz",
      "integrity": "sha512-vmbqUY7lsgYiDG9b9oc0zP9b/pHx6YpS310EBv6YkVEf8mseNRKRYwm6QqvOJ919rrmZfQpOFs5W+5O9K7zleg==",
      "cpu": [
        "x64"
      ],
      "dev": true,
      "license": "MIT",
      "optional": true,
      "os": [
        "win32"
      ]
    },
    "node_modules/npm-check-updates": {
      "version": "19.1.1",
      "resolved": "https://registry.npmjs.org/npm-check-updates/-/npm-check-updates-19.1.1.tgz",
      "integrity": "sha512-vy/uNbaK6Xfj/QzM8OXeALZak67E0uHjUlbdT1YGy4bdj0xlBU6AVd+8bscY8vlDpyzL6Y7mxcrX8kzEDeEpNg==",
      "dev": true,
      "license": "Apache-2.0",
      "bin": {
        "ncu": "build/cli.js",
        "npm-check-updates": "build/cli.js"
      },
      "engines": {
        "node": ">=20.0.0",
        "npm": ">=8.12.1"
      }
    }
  }
}
