{
  "name": "ncs",
  "lockfileVersion": 3,
  "requires": true,
  "packages": {
    "": {
      "name": "ncs",
      "devDependencies": {
        "lefthook": "2.0.2",
        "npm-check-updates": "19.1.2"
      }
    },
    "backend/api": {
      "name": "ncs-api",
      "extraneous": true,
      "dependencies": {
        "@hono/node-server": "1.19.5",
        "hono": "4.10.3"
      },
      "devDependencies": {
        "@eslint/js": "9.38.0",
        "@prisma/client": "6.18.0",
        "@tsconfig/node-lts": "22.0.2",
        "@tsconfig/node-ts": "23.6.1",
        "@tsconfig/recommended": "1.0.10",
        "@types/node": "24.9.1",
        "eslint": "9.38.0",
        "eslint-config-prettier": "10.1.8",
        "prettier": "3.6.2",
        "prettier-plugin-organize-imports": "4.3.0",
        "prisma": "6.18.0",
        "superjson": "2.2.3",
        "tsx": "4.20.6",
        "typescript": "5.9.3",
        "typescript-eslint": "8.46.2"
      }
    },
    "backend/batch": {
      "name": "ncs-batch",
      "extraneous": true,
      "dependencies": {
        "node-cron": "4.2.1"
      },
      "devDependencies": {
        "@eslint/js": "9.38.0",
        "@prisma/client": "6.18.0",
        "@tsconfig/node-lts": "22.0.2",
        "@tsconfig/node-ts": "23.6.1",
        "@tsconfig/recommended": "1.0.10",
        "@types/luxon": "3.7.1",
        "@types/node": "24.9.1",
        "@vitest/coverage-v8": "4.0.3",
        "eslint": "9.38.0",
        "eslint-config-prettier": "10.1.8",
        "luxon": "3.7.2",
        "prettier": "3.6.2",
        "prettier-plugin-organize-imports": "4.3.0",
        "prisma": "6.18.0",
        "rss-parser": "3.13.0",
        "tsx": "4.20.6",
        "typescript": "5.9.3",
        "typescript-eslint": "8.46.2",
        "vitest": "4.0.3"
      }
    },
    "backend/db": {
      "name": "ncs-db",
      "extraneous": true,
      "dependencies": {
        "@prisma/client": "6.18.0",
        "prisma": "6.18.0"
      },
      "devDependencies": {
        "@eslint/js": "9.38.0",
        "@tsconfig/node-lts": "22.0.2",
        "@tsconfig/node-ts": "23.6.1",
        "@tsconfig/recommended": "1.0.10",
        "@types/node": "24.9.1",
        "eslint": "9.38.0",
        "eslint-config-prettier": "10.1.8",
        "prettier": "3.6.2",
        "prettier-plugin-organize-imports": "4.3.0",
        "tsx": "4.20.6",
        "typescript": "5.9.3",
        "typescript-eslint": "8.46.2"
      }
    },
    "common": {
      "name": "ncs-common",
      "extraneous": true
    },
    "frontend/web": {
      "name": "ncs-web",
      "extraneous": true,
      "hasInstallScript": true,
      "dependencies": {
        "nuxt": "4.2.0",
        "vue": "3.5.22",
        "vue-router": "4.6.3"
      },
      "devDependencies": {
        "@compodium/nuxt": "0.1.0-beta.12",
        "@nuxt/eslint": "1.9.0",
        "@nuxt/image": "1.11.0",
        "@nuxt/kit": "4.2.0",
        "@nuxt/ui": "4.1.0",
        "@prisma/client": "6.18.0",
        "@tsconfig/recommended": "1.0.10",
        "@types/luxon": "3.7.1",
        "@vueuse/core": "14.0.0",
        "@vueuse/nuxt": "14.0.0",
        "eslint": "9.38.0",
        "eslint-config-prettier": "10.1.8",
        "luxon": "3.7.2",
        "prettier": "3.6.2",
        "prettier-plugin-organize-imports": "4.3.0",
        "prettier-plugin-tailwindcss": "0.7.1",
        "prisma": "6.18.0",
        "superjson": "2.2.3",
        "typescript": "5.9.3",
        "vue-tsc": "3.1.2",
        "zod": "4.1.12"
      }
    },
    "node_modules/lefthook": {
      "version": "2.0.2",
      "resolved": "https://registry.npmjs.org/lefthook/-/lefthook-2.0.2.tgz",
      "integrity": "sha512-2lrSva53G604ZWjK5kHYvDdwb5GzbhciIPWhebv0A8ceveqSsnG2JgVEt+DnhOPZ4VfNcXvt3/ohFBPNpuAlVw==",
      "dev": true,
      "hasInstallScript": true,
      "license": "MIT",
      "bin": {
        "lefthook": "bin/index.js"
      },
      "optionalDependencies": {
        "lefthook-darwin-arm64": "2.0.2",
        "lefthook-darwin-x64": "2.0.2",
        "lefthook-freebsd-arm64": "2.0.2",
        "lefthook-freebsd-x64": "2.0.2",
        "lefthook-linux-arm64": "2.0.2",
        "lefthook-linux-x64": "2.0.2",
        "lefthook-openbsd-arm64": "2.0.2",
        "lefthook-openbsd-x64": "2.0.2",
        "lefthook-windows-arm64": "2.0.2",
        "lefthook-windows-x64": "2.0.2"
      }
    },
    "node_modules/lefthook-darwin-arm64": {
      "version": "2.0.2",
      "resolved": "https://registry.npmjs.org/lefthook-darwin-arm64/-/lefthook-darwin-arm64-2.0.2.tgz",
      "integrity": "sha512-x/4AOinpMS2abZyA/krDd50cRPZit/6P670Z1mJjfS0+fPZkFw7AXpjxroiN0rgglg78vD7BwcA5331z4YZa5g==",
      "cpu": [
        "arm64"
      ],
      "dev": true,
      "license": "MIT",
      "optional": true,
      "os": [
        "darwin"
      ]
    },
    "node_modules/lefthook-darwin-x64": {
      "version": "2.0.2",
      "resolved": "https://registry.npmjs.org/lefthook-darwin-x64/-/lefthook-darwin-x64-2.0.2.tgz",
      "integrity": "sha512-MSb8XZBfmlNvCpuLiQqrJS+sPiSEAyuoHOMZOHjlceYqO0leVVw9YfePVcb4Vi/PqOYngTdJk83MmYvqhsSNTQ==",
      "cpu": [
        "x64"
      ],
      "dev": true,
      "license": "MIT",
      "optional": true,
      "os": [
        "darwin"
      ]
    },
    "node_modules/lefthook-freebsd-arm64": {
      "version": "2.0.2",
      "resolved": "https://registry.npmjs.org/lefthook-freebsd-arm64/-/lefthook-freebsd-arm64-2.0.2.tgz",
      "integrity": "sha512-gewPsUPc3J/n2/RrhHLS9jtL3qK4HcTED25vfExhvFRW3eT1SDYaBbXnUUmB8SE0zE8Bl6AfEdT2zzZcPbOFuA==",
      "cpu": [
        "arm64"
      ],
      "dev": true,
      "license": "MIT",
      "optional": true,
      "os": [
        "freebsd"
      ]
    },
    "node_modules/lefthook-freebsd-x64": {
      "version": "2.0.2",
      "resolved": "https://registry.npmjs.org/lefthook-freebsd-x64/-/lefthook-freebsd-x64-2.0.2.tgz",
      "integrity": "sha512-fsLlaChiKAWiSavQO2LXPR8Z9OcBnyMDvmkIlXC0lG3SjBb9xbVdBdDVlcrsUyDCs5YstmGYHuzw6DfJYpAE1g==",
      "cpu": [
        "x64"
      ],
      "dev": true,
      "license": "MIT",
      "optional": true,
      "os": [
        "freebsd"
      ]
    },
    "node_modules/lefthook-linux-arm64": {
      "version": "2.0.2",
      "resolved": "https://registry.npmjs.org/lefthook-linux-arm64/-/lefthook-linux-arm64-2.0.2.tgz",
      "integrity": "sha512-vNl3HiZud9T2nGHMngvLw3hSJgutjlN/Lzf5/5jKt/2IIuyd9L3UYktWC9HLUb03Zukr7jeaxG3+VxdAohQwAw==",
      "cpu": [
        "arm64"
      ],
      "dev": true,
      "license": "MIT",
      "optional": true,
      "os": [
        "linux"
      ]
    },
    "node_modules/lefthook-linux-x64": {
      "version": "2.0.2",
      "resolved": "https://registry.npmjs.org/lefthook-linux-x64/-/lefthook-linux-x64-2.0.2.tgz",
      "integrity": "sha512-0ghHMPu4fixIieS8V2k2yZHvcFd9pP0q+sIAIaWo8x7ce/AOQIXFCPHGPAOc8/wi5uVtfyEvCnhxIDKf+lHA2A==",
      "cpu": [
        "x64"
      ],
      "dev": true,
      "license": "MIT",
      "optional": true,
      "os": [
        "linux"
      ]
    },
    "node_modules/lefthook-openbsd-arm64": {
      "version": "2.0.2",
      "resolved": "https://registry.npmjs.org/lefthook-openbsd-arm64/-/lefthook-openbsd-arm64-2.0.2.tgz",
      "integrity": "sha512-qfXnDM8jffut9rylvi3T+HOqlNRkFYqIDUXeVXlY7dmwCW4u2K46p0W4M3BmAVUeL/MRxBRnjze//Yy6aCbGQw==",
      "cpu": [
        "arm64"
      ],
      "dev": true,
      "license": "MIT",
      "optional": true,
      "os": [
        "openbsd"
      ]
    },
    "node_modules/lefthook-openbsd-x64": {
      "version": "2.0.2",
      "resolved": "https://registry.npmjs.org/lefthook-openbsd-x64/-/lefthook-openbsd-x64-2.0.2.tgz",
      "integrity": "sha512-RXqR0FiDTwsQv1X3QVsuBFneWeNXS+tmPFIX8F6Wz9yDPHF8+vBnkWCju6HdkTVTY71Ba5HbYGKEVDvscJkU7Q==",
      "cpu": [
        "x64"
      ],
      "dev": true,
      "license": "MIT",
      "optional": true,
      "os": [
        "openbsd"
      ]
    },
    "node_modules/lefthook-windows-arm64": {
      "version": "2.0.2",
      "resolved": "https://registry.npmjs.org/lefthook-windows-arm64/-/lefthook-windows-arm64-2.0.2.tgz",
      "integrity": "sha512-KfLKhiUPHP9Aea+9D7or2hgL9wtKEV+GHpx7LBg82ZhCXkAml6rop7mWsBgL80xPYLqMahKolZGO+8z5H6W4HQ==",
      "cpu": [
        "arm64"
      ],
      "dev": true,
      "license": "MIT",
      "optional": true,
      "os": [
        "win32"
      ]
    },
    "node_modules/lefthook-windows-x64": {
      "version": "2.0.2",
      "resolved": "https://registry.npmjs.org/lefthook-windows-x64/-/lefthook-windows-x64-2.0.2.tgz",
      "integrity": "sha512-TdysWxGRNtuRg5bN6Uj00tZJIsHTrF/7FavoR5rp1sq21QJhJi36M4I3UVlmOKAUCKhibAIAauZWmX7yaW3eHA==",
      "cpu": [
        "x64"
      ],
      "dev": true,
      "license": "MIT",
      "optional": true,
      "os": [
        "win32"
      ]
    },
    "node_modules/npm-check-updates": {
      "version": "19.1.2",
      "resolved": "https://registry.npmjs.org/npm-check-updates/-/npm-check-updates-19.1.2.tgz",
      "integrity": "sha512-FNeFCVgPOj0fz89hOpGtxP2rnnRHR7hD2E8qNU8SMWfkyDZXA/xpgjsL3UMLSo3F/K13QvJDnbxPngulNDDo/g==",
      "dev": true,
      "license": "Apache-2.0",
      "bin": {
        "ncu": "build/cli.js",
        "npm-check-updates": "build/cli.js"
      },
      "engines": {
        "node": ">=20.0.0",
        "npm": ">=8.12.1"
      }
    }
  }
}
